<?xml version="1.0" encoding="utf-8"?><ioc xmlns:xsi="http://www.w3.org/2001/XMLSchema-instance" xmlns:xsd="http://www.w3.org/2001/XMLSchema" id="8911a2e7-0839-4bd7-bad3-7b4addbff9b9" last-modified="0001-01-01T00:00:00" xmlns="http://schemas.mandiant.com/2010/ioc"><short_description>More Bad Stuffs</short_description><description>MOAR!!</description><authored_by>tony@why.com</authored_by><authored_date xsi:nil="true" /><links><link rel="report">You are p0wned.doc</link><link rel="comment">Good luck</link></links><definition><Indicator operator="OR"><IndicatorItem condition="contains"><Context document="ServiceItem" search="ServiceItem/name" type="mir" /><Content type="string">w32badservice</Content></IndicatorItem></Indicator></definition></ioc>