<?xml version="1.0" encoding="utf-8"?><ioc id="9c93dd6d-9035-4682-a25a-996aa2fd1351" last-modified="2010-08-12T12:01:27.8007921-04:00" xmlns="http://schemas.mandiant.com/2010/ioc"><short_description>Test OpenIOC (Evil)</short_description><description>A test IOC to verify the format for use in other viewers.</description><keywords>nobody uses this</keywords><authored_by>tony.dell@mandiant.com</authored_by><authored_date>2010-08-11T23:49:56Z</authored_date><links><link rel="threatgroup">ATP</link><link rel="reportid">MA9989</link><link rel="capability">Annoyance</link><link rel="group">MFR10-000</link><link rel="family">unknown</link><link rel="grade">Alpha</link><link rel="comment">Testing</link></links><definition><Indicator operator="OR"><IndicatorItem condition="is"><Context document="FileItem" search="FileItem/FileName" type="mir" /><Content type="string">evil.exe</Content></IndicatorItem><IndicatorItem condition="is"><Context document="FileItem" search="FileItem/Md5sum" type="mir" /><Content type="md5">d41d8cd98f00b204e9800998ecf8427e</Content></IndicatorItem><IndicatorItem condition="is"><Context document="FileItem" search="FileItem/PEInfo/DetectedAnomalies/string" type="mir" /><Content>checksum_mismatch</Content></IndicatorItem><IndicatorItem condition="is"><Context document="ProcessItem" search="ProcessItem/HandleList/Handle/Name" type="mir" /><Content type="string">foobar</Content></IndicatorItem><Indicator operator="AND"><IndicatorItem condition="is"><Context document="FileItem" search="FileItem/SizeInBytes" type="mir" /><Content type="int">1234</Content></IndicatorItem><IndicatorItem condition="is"><Context document="FileItem" search="FileItem/PEInfo/PETimeStamp" type="mir" /><Content type="date">2010-09-08T07:06:05Z</Content></IndicatorItem></Indicator><Indicator operator="AND"><IndicatorItem condition="contains"><Context document="RegistryItem" search="RegistryItem/Path" type="mir" /><Content type="string">\SYSTEM\CurrentControlSet</Content></IndicatorItem><IndicatorItem condition="is"><Context document="RegistryItem" search="RegistryItem/Text" type="mir" /><Content type="string">Fail</Content></IndicatorItem></Indicator><Indicator operator="AND"><IndicatorItem condition="contains"><Context document="Network" search="Network/String" type="network" /><Content type="string">blah</Content></IndicatorItem><IndicatorItem condition="is"><Context document="Network" search="Network/DNS" type="network" /><Content type="string">mandiant.com</Content></IndicatorItem></Indicator></Indicator></definition></ioc>