<?xml version="1.0" encoding="utf-8"?><ioc xmlns:xsi="http://www.w3.org/2001/XMLSchema-instance" xmlns:xsd="http://www.w3.org/2001/XMLSchema" id="daf9c78b-24be-422b-9d48-67b8a4a1eb4c" last-modified="0001-01-01T00:00:00" xmlns="http://schemas.mandiant.com/2010/ioc"><short_description>Evil Stuffs</short_description><description>Find bad stuffs</description><authored_by>tony@nowhere.com</authored_by><authored_date xsi:nil="true" /><links><link rel="group">NCG</link><link rel="comment">Evilz</link></links><definition><Indicator operator="OR"><IndicatorItem condition="is"><Context document="FileItem" search="FileItem/Md5sum" type="mir" /><Content type="md5">abc123deadbeef</Content></IndicatorItem><IndicatorItem condition="contains"><Context document="FileItem" search="FileItem/FileName" type="mir" /><Content type="string">evil.exe</Content></IndicatorItem></Indicator></definition></ioc>